<?xml version="1.0" encoding="utf-8"?>
<Project ToolsVersion="4.0" xmlns="http://schemas.microsoft.com/developer/msbuild/2003">
  <ItemGroup>
    <ClCompile Include="j1Window.cpp">
      <Filter>Desenvolupament  ========\Modules</Filter>
    </ClCompile>
    <ClCompile Include="j1Audio.cpp">
      <Filter>Desenvolupament  ========\Modules</Filter>
    </ClCompile>
    <ClCompile Include="j1App.cpp">
      <Filter>Desenvolupament  ========</Filter>
    </ClCompile>
    <ClCompile Include="j1Input.cpp">
      <Filter>Desenvolupament  ========\Modules</Filter>
    </ClCompile>
    <ClCompile Include="j1Main.cpp">
      <Filter>Desenvolupament  ========</Filter>
    </ClCompile>
    <ClCompile Include="j1Render.cpp">
      <Filter>Desenvolupament  ========\Modules</Filter>
    </ClCompile>
    <ClCompile Include="j1Textures.cpp">
      <Filter>Desenvolupament  ========\Modules</Filter>
    </ClCompile>
    <ClCompile Include="p2Log.cpp">
      <Filter>Programacio 2 ===========</Filter>
    </ClCompile>
    <ClCompile Include="j1Scene.cpp">
      <Filter>Desenvolupament  ========\Scenes</Filter>
    </ClCompile>
    <ClCompile Include="PugiXml\src\pugixml.cpp">
      <Filter>Desenvolupament  ========\Tools\PuguiXML</Filter>
    </ClCompile>
    <ClCompile Include="j1Timer.cpp">
      <Filter>Desenvolupament  ========\Tools</Filter>
    </ClCompile>
    <ClCompile Include="j1PerfTimer.cpp">
      <Filter>Desenvolupament  ========\Tools</Filter>
    </ClCompile>
    <ClCompile Include="j1Fonts.cpp">
      <Filter>Desenvolupament  ========\Modules</Filter>
    </ClCompile>
    <ClCompile Include="j1Entity.cpp">
      <Filter>Desenvolupament  ========\Entities</Filter>
    </ClCompile>
    <ClCompile Include="j1EntityManager.cpp">
      <Filter>Desenvolupament  ========\Entities</Filter>
    </ClCompile>
    <ClCompile Include="DynamicEntity.cpp">
      <Filter>Desenvolupament  ========\Entities</Filter>
    </ClCompile>
    <ClCompile Include="StaticEntity.cpp">
      <Filter>Desenvolupament  ========\Entities</Filter>
    </ClCompile>
    <ClCompile Include="j1Minimap.cpp">
      <Filter>Desenvolupament  ========\Modules</Filter>
    </ClCompile>
    <ClCompile Include="j1Image.cpp">
      <Filter>Desenvolupament  ========\UI</Filter>
    </ClCompile>
    <ClCompile Include="UI_Button.cpp">
      <Filter>Desenvolupament  ========\UI</Filter>
    </ClCompile>
    <ClCompile Include="UI_element.cpp">
      <Filter>Desenvolupament  ========\UI</Filter>
    </ClCompile>
    <ClCompile Include="UI_Label.cpp">
      <Filter>Desenvolupament  ========\UI</Filter>
    </ClCompile>
    <ClCompile Include="UI_Slider.cpp">
      <Filter>Desenvolupament  ========\UI</Filter>
    </ClCompile>
    <ClCompile Include="j1Gui.cpp">
      <Filter>Desenvolupament  ========\UI</Filter>
    </ClCompile>
    <ClCompile Include="MainMenu.cpp">
      <Filter>Desenvolupament  ========\Scenes</Filter>
    </ClCompile>
    <ClCompile Include="MenuManager.cpp">
      <Filter>Desenvolupament  ========\Scenes</Filter>
    </ClCompile>
    <ClCompile Include="j1Pathfinding.cpp">
      <Filter>Desenvolupament  ========\Modules</Filter>
    </ClCompile>
    <ClCompile Include="j1Console.cpp">
      <Filter>Desenvolupament  ========\Tools</Filter>
    </ClCompile>
    <ClCompile Include="UI_InputText.cpp">
      <Filter>Desenvolupament  ========\UI</Filter>
    </ClCompile>
    <ClCompile Include="j1MovementManager.cpp">
      <Filter>Desenvolupament  ========\Entities</Filter>
    </ClCompile>
    <ClCompile Include="j1Group.cpp">
      <Filter>Desenvolupament  ========\Entities</Filter>
    </ClCompile>
    <ClCompile Include="j1Transition.cpp">
      <Filter>Desenvolupament  ========\Scenes</Filter>
    </ClCompile>
    <ClCompile Include="LogoScene.cpp">
      <Filter>Desenvolupament  ========\Scenes</Filter>
    </ClCompile>
    <ClCompile Include="FowEntity.cpp">
      <Filter>Desenvolupament  ========\FogOfWar</Filter>
    </ClCompile>
    <ClCompile Include="FoWManager.cpp">
      <Filter>Desenvolupament  ========\FogOfWar</Filter>
    </ClCompile>
    <ClCompile Include="j1Video.cpp">
      <Filter>Desenvolupament  ========\Modules</Filter>
    </ClCompile>
    <ClCompile Include="theoraplay.cpp">
      <Filter>Desenvolupament  ========\Tools\theoraplay</Filter>
    </ClCompile>
    <ClCompile Include="AI_Manager.cpp">
      <Filter>Desenvolupament  ========\PlayersAndAI</Filter>
    </ClCompile>
    <ClCompile Include="AI_Player.cpp">
      <Filter>Desenvolupament  ========\PlayersAndAI</Filter>
    </ClCompile>
    <ClCompile Include="j1Player.cpp">
      <Filter>Desenvolupament  ========\PlayersAndAI</Filter>
    </ClCompile>
    <ClCompile Include="GenericPlayer.cpp">
      <Filter>Desenvolupament  ========\PlayersAndAI</Filter>
    </ClCompile>
    <ClCompile Include="Gatherer.cpp">
      <Filter>Desenvolupament  ========\Entities</Filter>
    </ClCompile>
    <ClCompile Include="Troop.cpp">
      <Filter>Desenvolupament  ========\Entities</Filter>
    </ClCompile>
    <ClCompile Include="Animal.cpp">
      <Filter>Desenvolupament  ========\Entities</Filter>
    </ClCompile>
    <ClCompile Include="Deathclaw.cpp">
      <Filter>Desenvolupament  ========\Entities</Filter>
    </ClCompile>
    <ClCompile Include="j1Hud.cpp">
      <Filter>Desenvolupament  ========\Scenes</Filter>
    </ClCompile>
    <ClCompile Include="j1EasingAndSplines.cpp">
      <Filter>Desenvolupament  ========\UI</Filter>
    </ClCompile>
    <ClCompile Include="DialogManager.cpp">
      <Filter>Desenvolupament  ========\DialogSystem</Filter>
    </ClCompile>
    <ClCompile Include="Emiter.cpp">
      <Filter>Desenvolupament  ========\Particles</Filter>
    </ClCompile>
    <ClCompile Include="Particle.cpp">
      <Filter>Desenvolupament  ========\Particles</Filter>
    </ClCompile>
    <ClCompile Include="ParticleSystem.cpp">
      <Filter>Desenvolupament  ========\Particles</Filter>
    </ClCompile>
    <ClCompile Include="j1Map.cpp">
      <Filter>Desenvolupament  ========\Scenes</Filter>
    </ClCompile>
    <ClCompile Include="AssetsManager.cpp">
      <Filter>Desenvolupament  ========\Entities</Filter>
    </ClCompile>
  </ItemGroup>
  <ItemGroup>
    <ClInclude Include="j1Window.h">
      <Filter>Desenvolupament  ========\Modules</Filter>
    </ClInclude>
    <ClInclude Include="j1Audio.h">
      <Filter>Desenvolupament  ========\Modules</Filter>
    </ClInclude>
    <ClInclude Include="j1App.h">
      <Filter>Desenvolupament  ========</Filter>
    </ClInclude>
    <ClInclude Include="j1Input.h">
      <Filter>Desenvolupament  ========\Modules</Filter>
    </ClInclude>
    <ClInclude Include="j1Module.h">
      <Filter>Desenvolupament  ========</Filter>
    </ClInclude>
    <ClInclude Include="j1Render.h">
      <Filter>Desenvolupament  ========\Modules</Filter>
    </ClInclude>
    <ClInclude Include="j1Textures.h">
      <Filter>Desenvolupament  ========\Modules</Filter>
    </ClInclude>
    <ClInclude Include="p2Defs.h">
      <Filter>Programacio 2 ===========</Filter>
    </ClInclude>
    <ClInclude Include="p2List.h">
      <Filter>Programacio 2 ===========</Filter>
    </ClInclude>
    <ClInclude Include="p2Log.h">
      <Filter>Programacio 2 ===========</Filter>
    </ClInclude>
    <ClInclude Include="p2SString.h">
      <Filter>Programacio 2 ===========</Filter>
    </ClInclude>
    <ClInclude Include="p2Point.h">
      <Filter>Programacio 2 ===========</Filter>
    </ClInclude>
    <ClInclude Include="p2DynArray.h">
      <Filter>Programacio 2 ===========</Filter>
    </ClInclude>
    <ClInclude Include="j1Scene.h">
      <Filter>Desenvolupament  ========\Scenes</Filter>
    </ClInclude>
    <ClInclude Include="PugiXml\src\pugiconfig.hpp">
      <Filter>Desenvolupament  ========\Tools\PuguiXML</Filter>
    </ClInclude>
    <ClInclude Include="PugiXml\src\pugixml.hpp">
      <Filter>Desenvolupament  ========\Tools\PuguiXML</Filter>
    </ClInclude>
    <ClInclude Include="j1Timer.h">
      <Filter>Desenvolupament  ========\Tools</Filter>
    </ClInclude>
    <ClInclude Include="j1PerfTimer.h">
      <Filter>Desenvolupament  ========\Tools</Filter>
    </ClInclude>
    <ClInclude Include="j1Fonts.h">
      <Filter>Desenvolupament  ========\Modules</Filter>
    </ClInclude>
    <ClInclude Include="j1Entity.h">
      <Filter>Desenvolupament  ========\Entities</Filter>
    </ClInclude>
    <ClInclude Include="j1EntityManager.h">
      <Filter>Desenvolupament  ========\Entities</Filter>
    </ClInclude>
    <ClInclude Include="Animation.h">
      <Filter>Desenvolupament  ========\Tools</Filter>
    </ClInclude>
    <ClInclude Include="DynamicEntity.h">
      <Filter>Desenvolupament  ========\Entities</Filter>
    </ClInclude>
    <ClInclude Include="StaticEntity.h">
      <Filter>Desenvolupament  ========\Entities</Filter>
    </ClInclude>
    <ClInclude Include="j1Minimap.h">
      <Filter>Desenvolupament  ========\Modules</Filter>
    </ClInclude>
    <ClInclude Include="j1Image.h">
      <Filter>Desenvolupament  ========\UI</Filter>
    </ClInclude>
    <ClInclude Include="UI_Button.h">
      <Filter>Desenvolupament  ========\UI</Filter>
    </ClInclude>
    <ClInclude Include="UI_element.h">
      <Filter>Desenvolupament  ========\UI</Filter>
    </ClInclude>
    <ClInclude Include="UI_Label.h">
      <Filter>Desenvolupament  ========\UI</Filter>
    </ClInclude>
    <ClInclude Include="UI_Slider.h">
      <Filter>Desenvolupament  ========\UI</Filter>
    </ClInclude>
    <ClInclude Include="j1Gui.h">
      <Filter>Desenvolupament  ========\UI</Filter>
    </ClInclude>
    <ClInclude Include="MainMenu.h">
      <Filter>Desenvolupament  ========\Scenes</Filter>
    </ClInclude>
    <ClInclude Include="MenuManager.h">
      <Filter>Desenvolupament  ========\Scenes</Filter>
    </ClInclude>
    <ClInclude Include="j1Pathfinding.h">
      <Filter>Desenvolupament  ========\Modules</Filter>
    </ClInclude>
    <ClInclude Include="j1Console.h">
      <Filter>Desenvolupament  ========\Tools</Filter>
    </ClInclude>
    <ClInclude Include="UI_InputText.h">
      <Filter>Desenvolupament  ========\UI</Filter>
    </ClInclude>
    <ClInclude Include="j1MovementManager.h">
      <Filter>Desenvolupament  ========\Entities</Filter>
    </ClInclude>
    <ClInclude Include="j1Group.h">
      <Filter>Desenvolupament  ========\Entities</Filter>
    </ClInclude>
    <ClInclude Include="j1Transition.h">
      <Filter>Desenvolupament  ========\Scenes</Filter>
    </ClInclude>
    <ClInclude Include="LogoScene.h">
      <Filter>Desenvolupament  ========\Scenes</Filter>
    </ClInclude>
    <ClInclude Include="FoWManager.h">
      <Filter>Desenvolupament  ========\FogOfWar</Filter>
    </ClInclude>
    <ClInclude Include="FoWEntity.h">
      <Filter>Desenvolupament  ========\FogOfWar</Filter>
    </ClInclude>
    <ClInclude Include="FoWBitDefs.h">
      <Filter>Desenvolupament  ========\FogOfWar</Filter>
    </ClInclude>
    <ClInclude Include="j1Video.h">
      <Filter>Desenvolupament  ========\Modules</Filter>
    </ClInclude>
    <ClInclude Include="theoraplay.h">
      <Filter>Desenvolupament  ========\Tools\theoraplay</Filter>
    </ClInclude>
    <ClInclude Include="theoraplay_cvtrgb.h">
      <Filter>Desenvolupament  ========\Tools\theoraplay</Filter>
    </ClInclude>
    <ClInclude Include="AI_Manager.h">
      <Filter>Desenvolupament  ========\PlayersAndAI</Filter>
    </ClInclude>
    <ClInclude Include="AI_Player.h">
      <Filter>Desenvolupament  ========\PlayersAndAI</Filter>
    </ClInclude>
    <ClInclude Include="j1Player.h">
      <Filter>Desenvolupament  ========\PlayersAndAI</Filter>
    </ClInclude>
    <ClInclude Include="GenericPlayer.h">
      <Filter>Desenvolupament  ========\PlayersAndAI</Filter>
    </ClInclude>
    <ClInclude Include="Gatherer.h">
      <Filter>Desenvolupament  ========\Entities</Filter>
    </ClInclude>
    <ClInclude Include="Troop.h">
      <Filter>Desenvolupament  ========\Entities</Filter>
    </ClInclude>
    <ClInclude Include="Animal.h">
      <Filter>Desenvolupament  ========\Entities</Filter>
    </ClInclude>
    <ClInclude Include="Deathclaw.h">
      <Filter>Desenvolupament  ========\Entities</Filter>
    </ClInclude>
    <ClInclude Include="j1Hud.h">
      <Filter>Desenvolupament  ========\Scenes</Filter>
    </ClInclude>
    <ClInclude Include="j1EasingAndSplines.h">
      <Filter>Desenvolupament  ========\UI</Filter>
    </ClInclude>
    <ClInclude Include="DialogManager.h">
      <Filter>Desenvolupament  ========\DialogSystem</Filter>
    </ClInclude>
    <ClInclude Include="Emiter.h">
      <Filter>Desenvolupament  ========\Particles</Filter>
    </ClInclude>
    <ClInclude Include="Particle.h">
      <Filter>Desenvolupament  ========\Particles</Filter>
    </ClInclude>
    <ClInclude Include="ParticleSystem.h">
      <Filter>Desenvolupament  ========\Particles</Filter>
    </ClInclude>
    <ClInclude Include="j1Map.h">
      <Filter>Desenvolupament  ========\Scenes</Filter>
    </ClInclude>
    <ClInclude Include="AssetsManager.h">
      <Filter>Desenvolupament  ========\Entities</Filter>
    </ClInclude>
  </ItemGroup>
  <ItemGroup>
    <Filter Include="Programacio 2 ===========">
      <UniqueIdentifier>{a8bfab6a-5472-4969-943e-861a8b493f08}</UniqueIdentifier>
    </Filter>
    <Filter Include="Desenvolupament  ========">
      <UniqueIdentifier>{cb944693-b9d0-484c-bad2-02d5a7cdbec6}</UniqueIdentifier>
    </Filter>
    <Filter Include="Desenvolupament  ========\Tools">
      <UniqueIdentifier>{42c748be-4a37-49de-970f-5be811d06b38}</UniqueIdentifier>
    </Filter>
    <Filter Include="Desenvolupament  ========\Scenes">
      <UniqueIdentifier>{e07660eb-d36f-4cc9-af59-324d31c2f2f6}</UniqueIdentifier>
    </Filter>
    <Filter Include="Desenvolupament  ========\Modules">
      <UniqueIdentifier>{244722d1-90ce-423d-8e7a-556211865a32}</UniqueIdentifier>
    </Filter>
    <Filter Include="Desenvolupament  ========\Tools\PuguiXML">
      <UniqueIdentifier>{7cb78d67-17cc-45eb-af97-e2106becce7b}</UniqueIdentifier>
    </Filter>
    <Filter Include="Desenvolupament  ========\Entities">
      <UniqueIdentifier>{a7375bea-d952-4812-ab4b-82c26caaf0b9}</UniqueIdentifier>
    </Filter>
    <Filter Include="Desenvolupament  ========\UI">
      <UniqueIdentifier>{cae9da51-1fbe-495e-ad38-f6691ccd446f}</UniqueIdentifier>
    </Filter>
    <Filter Include="Desenvolupament  ========\FogOfWar">
      <UniqueIdentifier>{332896a8-4da6-4602-812c-8b8e497ac777}</UniqueIdentifier>
    </Filter>
    <Filter Include="Desenvolupament  ========\Tools\theoraplay">
      <UniqueIdentifier>{bb46ab85-3f93-4d5e-a5e5-825dad5972a8}</UniqueIdentifier>
    </Filter>
    <Filter Include="Desenvolupament  ========\PlayersAndAI">
      <UniqueIdentifier>{ca269e49-9da1-4b13-8c80-abe572f50526}</UniqueIdentifier>
    </Filter>
    <Filter Include="Desenvolupament  ========\DialogSystem">
      <UniqueIdentifier>{44be503a-eec1-4e0f-9136-b657787fec91}</UniqueIdentifier>
    </Filter>
    <Filter Include="Desenvolupament  ========\Particles">
      <UniqueIdentifier>{470f9095-0df1-4a46-9a4c-0a2f35b5276e}</UniqueIdentifier>
    </Filter>
  </ItemGroup>
  <ItemGroup>
    <Xml Include="..\FalloutStrategy\config.xml">
      <Filter>Desenvolupament  ========\Tools</Filter>
    </Xml>
    <Xml Include="..\FalloutStrategy\entities.xml">
      <Filter>Desenvolupament  ========\Tools</Filter>
    </Xml>
    <Xml Include="..\FalloutStrategy\dialogs.xml">
      <Filter>Desenvolupament  ========\Tools</Filter>
    </Xml>
  </ItemGroup>
</Project>